Microsoft Visual Studio Solution File, Format Version 12.00
# Visual Studio Version 17
VisualStudioVersion = 17.5.2.0
MinimumVisualStudioVersion = 10.0.40219.1
Project("{FAE04EC0-301F-11D3-BF4B-00C04F79EFBC}") = "denemeBackend", "denemeBackend\denemeBackend.csproj", "{228B693D-300C-A678-22EF-6470C1EDF687}"
EndProject
Global
	GlobalSection(SolutionConfigurationPlatforms) = preSolution
		Debug|Any CPU = Debug|Any CPU
		Release|Any CPU = Release|Any CPU
	EndGlobalSection
	GlobalSection(ProjectConfigurationPlatforms) = postSolution
		{228B693D-300C-A678-22EF-6470C1EDF687}.Debug|Any CPU.ActiveCfg = Debug|Any CPU
		{228B693D-300C-A678-22EF-6470C1EDF687}.Debug|Any CPU.Build.0 = Debug|Any CPU
		{228B693D-300C-A678-22EF-6470C1EDF687}.Release|Any CPU.ActiveCfg = Release|Any CPU
		{228B693D-300C-A678-22EF-6470C1EDF687}.Release|Any CPU.Build.0 = Release|Any CPU
	EndGlobalSection
	GlobalSection(SolutionProperties) = preSolution
		HideSolutionNode = FALSE
	EndGlobalSection
	GlobalSection(ExtensibilityGlobals) = postSolution
		SolutionGuid = {49504E85-0B0A-4E6C-8B6E-8D2AA301F0BE}
	EndGlobalSection
EndGlobal
